
Microsoft Visual Studio Solution File, Format Version 12.00
# Visual Studio 2012
Project("{FAE04EC0-301F-11D3-BF4B-00C04F79EFBC}") = "ProjectSourceManager", "ProjectSourceManager\ProjectSourceManager.csproj", "{E34C63AF-6EF6-45F6-97AB-070DEAD5CCB2}"
EndProject
Global
	GlobalSection(SolutionConfigurationPlatforms) = preSolution
		Debug|Any CPU = Debug|Any CPU
		Release|Any CPU = Release|Any CPU
	EndGlobalSection
	GlobalSection(ProjectConfigurationPlatforms) = postSolution
		{E34C63AF-6EF6-45F6-97AB-070DEAD5CCB2}.Debug|Any CPU.ActiveCfg = Debug|Any CPU
		{E34C63AF-6EF6-45F6-97AB-070DEAD5CCB2}.Debug|Any CPU.Build.0 = Debug|Any CPU
		{E34C63AF-6EF6-45F6-97AB-070DEAD5CCB2}.Release|Any CPU.ActiveCfg = Release|Any CPU
		{E34C63AF-6EF6-45F6-97AB-070DEAD5CCB2}.Release|Any CPU.Build.0 = Release|Any CPU
	EndGlobalSection
	GlobalSection(SolutionProperties) = preSolution
		HideSolutionNode = FALSE
	EndGlobalSection
EndGlobal
